
Microsoft Visual Studio Solution File, Format Version 12.00
# Visual Studio 15
VisualStudioVersion = 15.0.27428.2002
MinimumVisualStudioVersion = 10.0.40219.1
Project("{FAE04EC0-301F-11D3-BF4B-00C04F79EFBC}") = "UnitTests", "UnitTests\UnitTests.csproj", "{F9C378C3-EC16-4BF8-A16F-CC6BADBB87AE}"
EndProject
Project("{9A19103F-16F7-4668-BE54-9A1E7A4F7556}") = "Microsoft.AnyContainer", "Microsoft.AnyContainer\Microsoft.AnyContainer.csproj", "{36EEFBC5-1801-40E4-8646-0CE62BA41157}"
EndProject
Project("{9A19103F-16F7-4668-BE54-9A1E7A4F7556}") = "Microsoft.AnyContainer.SimpleInjector", "Microsoft.AnyContainer.SimpleInjector\Microsoft.AnyContainer.SimpleInjector.csproj", "{1E261DC5-E7B9-4914-94F1-B96EC7D2D374}"
EndProject
Project("{FAE04EC0-301F-11D3-BF4B-00C04F79EFBC}") = "Microsoft.AnyContainer.SimpleInjector.Web", "Microsoft.AnyContainer.SimpleInjector.Web\Microsoft.AnyContainer.SimpleInjector.Web.csproj", "{AF7EB67B-B1E5-4014-BEF5-C38C2C4DB231}"
EndProject
Project("{9A19103F-16F7-4668-BE54-9A1E7A4F7556}") = "Microsoft.AnyContainer.Unity", "Microsoft.AnyContainer.Unity\Microsoft.AnyContainer.Unity.csproj", "{787B31A0-82EF-4368-8315-CAC3CAD3ABBB}"
EndProject
Project("{FAE04EC0-301F-11D3-BF4B-00C04F79EFBC}") = "Microsoft.AnyContainer.DryIoc", "Microsoft.AnyContainer.DryIoc\Microsoft.AnyContainer.DryIoc.csproj", "{74545652-BCCC-4133-A8A1-D81D08A89FF8}"
EndProject
Global
	GlobalSection(SolutionConfigurationPlatforms) = preSolution
		Debug|Any CPU = Debug|Any CPU
		Release|Any CPU = Release|Any CPU
		Release-NuGet|Any CPU = Release-NuGet|Any CPU
	EndGlobalSection
	GlobalSection(ProjectConfigurationPlatforms) = postSolution
		{F9C378C3-EC16-4BF8-A16F-CC6BADBB87AE}.Debug|Any CPU.ActiveCfg = Debug|Any CPU
		{F9C378C3-EC16-4BF8-A16F-CC6BADBB87AE}.Debug|Any CPU.Build.0 = Debug|Any CPU
		{F9C378C3-EC16-4BF8-A16F-CC6BADBB87AE}.Release|Any CPU.ActiveCfg = Release|Any CPU
		{F9C378C3-EC16-4BF8-A16F-CC6BADBB87AE}.Release|Any CPU.Build.0 = Release|Any CPU
		{F9C378C3-EC16-4BF8-A16F-CC6BADBB87AE}.Release-NuGet|Any CPU.ActiveCfg = Release|Any CPU
		{36EEFBC5-1801-40E4-8646-0CE62BA41157}.Debug|Any CPU.ActiveCfg = Debug|Any CPU
		{36EEFBC5-1801-40E4-8646-0CE62BA41157}.Debug|Any CPU.Build.0 = Debug|Any CPU
		{36EEFBC5-1801-40E4-8646-0CE62BA41157}.Release|Any CPU.ActiveCfg = Release|Any CPU
		{36EEFBC5-1801-40E4-8646-0CE62BA41157}.Release|Any CPU.Build.0 = Release|Any CPU
		{36EEFBC5-1801-40E4-8646-0CE62BA41157}.Release-NuGet|Any CPU.ActiveCfg = Release|Any CPU
		{36EEFBC5-1801-40E4-8646-0CE62BA41157}.Release-NuGet|Any CPU.Build.0 = Release|Any CPU
		{1E261DC5-E7B9-4914-94F1-B96EC7D2D374}.Debug|Any CPU.ActiveCfg = Debug|Any CPU
		{1E261DC5-E7B9-4914-94F1-B96EC7D2D374}.Debug|Any CPU.Build.0 = Debug|Any CPU
		{1E261DC5-E7B9-4914-94F1-B96EC7D2D374}.Release|Any CPU.ActiveCfg = Release|Any CPU
		{1E261DC5-E7B9-4914-94F1-B96EC7D2D374}.Release|Any CPU.Build.0 = Release|Any CPU
		{1E261DC5-E7B9-4914-94F1-B96EC7D2D374}.Release-NuGet|Any CPU.ActiveCfg = Release|Any CPU
		{1E261DC5-E7B9-4914-94F1-B96EC7D2D374}.Release-NuGet|Any CPU.Build.0 = Release|Any CPU
		{AF7EB67B-B1E5-4014-BEF5-C38C2C4DB231}.Debug|Any CPU.ActiveCfg = Debug|Any CPU
		{AF7EB67B-B1E5-4014-BEF5-C38C2C4DB231}.Debug|Any CPU.Build.0 = Debug|Any CPU
		{AF7EB67B-B1E5-4014-BEF5-C38C2C4DB231}.Release|Any CPU.ActiveCfg = Release|Any CPU
		{AF7EB67B-B1E5-4014-BEF5-C38C2C4DB231}.Release|Any CPU.Build.0 = Release|Any CPU
		{AF7EB67B-B1E5-4014-BEF5-C38C2C4DB231}.Release-NuGet|Any CPU.ActiveCfg = Release|Any CPU
		{787B31A0-82EF-4368-8315-CAC3CAD3ABBB}.Debug|Any CPU.ActiveCfg = Debug|Any CPU
		{787B31A0-82EF-4368-8315-CAC3CAD3ABBB}.Debug|Any CPU.Build.0 = Debug|Any CPU
		{787B31A0-82EF-4368-8315-CAC3CAD3ABBB}.Release|Any CPU.ActiveCfg = Release|Any CPU
		{787B31A0-82EF-4368-8315-CAC3CAD3ABBB}.Release|Any CPU.Build.0 = Release|Any CPU
		{787B31A0-82EF-4368-8315-CAC3CAD3ABBB}.Release-NuGet|Any CPU.ActiveCfg = Release|Any CPU
		{787B31A0-82EF-4368-8315-CAC3CAD3ABBB}.Release-NuGet|Any CPU.Build.0 = Release|Any CPU
		{74545652-BCCC-4133-A8A1-D81D08A89FF8}.Debug|Any CPU.ActiveCfg = Debug|Any CPU
		{74545652-BCCC-4133-A8A1-D81D08A89FF8}.Debug|Any CPU.Build.0 = Debug|Any CPU
		{74545652-BCCC-4133-A8A1-D81D08A89FF8}.Release|Any CPU.ActiveCfg = Release|Any CPU
		{74545652-BCCC-4133-A8A1-D81D08A89FF8}.Release|Any CPU.Build.0 = Release|Any CPU
		{74545652-BCCC-4133-A8A1-D81D08A89FF8}.Release-NuGet|Any CPU.ActiveCfg = Release|Any CPU
		{74545652-BCCC-4133-A8A1-D81D08A89FF8}.Release-NuGet|Any CPU.Build.0 = Release|Any CPU
	EndGlobalSection
	GlobalSection(SolutionProperties) = preSolution
		HideSolutionNode = FALSE
	EndGlobalSection
	GlobalSection(ExtensibilityGlobals) = postSolution
		SolutionGuid = {EC187D70-677E-4691-8FD9-6D82F6626C60}
	EndGlobalSection
EndGlobal
